
Microsoft Visual Studio Solution File, Format Version 12.00
# Visual Studio 15
VisualStudioVersion = 15.0.28307.271
MinimumVisualStudioVersion = 10.0.40219.1
Project("{FAE04EC0-301F-11D3-BF4B-00C04F79EFBC}") = "kursovaya2k19", "kursovaya2k19\kursovaya2k19.csproj", "{B31A959C-150A-4450-9A56-34DEAB2D212B}"
EndProject
Global
	GlobalSection(SolutionConfigurationPlatforms) = preSolution
		Debug|Any CPU = Debug|Any CPU
		Release|Any CPU = Release|Any CPU
	EndGlobalSection
	GlobalSection(ProjectConfigurationPlatforms) = postSolution
		{B31A959C-150A-4450-9A56-34DEAB2D212B}.Debug|Any CPU.ActiveCfg = Debug|Any CPU
		{B31A959C-150A-4450-9A56-34DEAB2D212B}.Debug|Any CPU.Build.0 = Debug|Any CPU
		{B31A959C-150A-4450-9A56-34DEAB2D212B}.Release|Any CPU.ActiveCfg = Release|Any CPU
		{B31A959C-150A-4450-9A56-34DEAB2D212B}.Release|Any CPU.Build.0 = Release|Any CPU
	EndGlobalSection
	GlobalSection(SolutionProperties) = preSolution
		HideSolutionNode = FALSE
	EndGlobalSection
	GlobalSection(ExtensibilityGlobals) = postSolution
		SolutionGuid = {3360D16D-050B-449E-93B8-9AA2B1C86A77}
	EndGlobalSection
EndGlobal
